
Microsoft Visual Studio Solution File, Format Version 12.00
# Visual Studio Version 16
VisualStudioVersion = 16.0.29326.143
MinimumVisualStudioVersion = 10.0.40219.1
Project("{9A19103F-16F7-4668-BE54-9A1E7A4F7556}") = "TodoApi", "TodoApi\TodoApi.csproj", "{66840D08-27B7-4B8C-BDAB-79F82D40DC4F}"
EndProject
Global
	GlobalSection(SolutionConfigurationPlatforms) = preSolution
		Debug|Any CPU = Debug|Any CPU
		Release|Any CPU = Release|Any CPU
	EndGlobalSection
	GlobalSection(ProjectConfigurationPlatforms) = postSolution
		{66840D08-27B7-4B8C-BDAB-79F82D40DC4F}.Debug|Any CPU.ActiveCfg = Debug|Any CPU
		{66840D08-27B7-4B8C-BDAB-79F82D40DC4F}.Debug|Any CPU.Build.0 = Debug|Any CPU
		{66840D08-27B7-4B8C-BDAB-79F82D40DC4F}.Release|Any CPU.ActiveCfg = Release|Any CPU
		{66840D08-27B7-4B8C-BDAB-79F82D40DC4F}.Release|Any CPU.Build.0 = Release|Any CPU
	EndGlobalSection
	GlobalSection(SolutionProperties) = preSolution
		HideSolutionNode = FALSE
	EndGlobalSection
	GlobalSection(ExtensibilityGlobals) = postSolution
		SolutionGuid = {DAF8BA76-3CB4-4BB0-B39F-3248BD22422E}
	EndGlobalSection
EndGlobal
