
Microsoft Visual Studio Solution File, Format Version 12.00
# Visual Studio Version 16
VisualStudioVersion = 16.0.29326.143
MinimumVisualStudioVersion = 10.0.40219.1
Project("{FAE04EC0-301F-11D3-BF4B-00C04F79EFBC}") = "Lufthavn", "Lufthavn\Lufthavn.csproj", "{076FEFC4-DC7F-4743-9601-42D702F5E019}"
EndProject
Global
	GlobalSection(SolutionConfigurationPlatforms) = preSolution
		Debug|Any CPU = Debug|Any CPU
		Release|Any CPU = Release|Any CPU
	EndGlobalSection
	GlobalSection(ProjectConfigurationPlatforms) = postSolution
		{076FEFC4-DC7F-4743-9601-42D702F5E019}.Debug|Any CPU.ActiveCfg = Debug|Any CPU
		{076FEFC4-DC7F-4743-9601-42D702F5E019}.Debug|Any CPU.Build.0 = Debug|Any CPU
		{076FEFC4-DC7F-4743-9601-42D702F5E019}.Release|Any CPU.ActiveCfg = Release|Any CPU
		{076FEFC4-DC7F-4743-9601-42D702F5E019}.Release|Any CPU.Build.0 = Release|Any CPU
	EndGlobalSection
	GlobalSection(SolutionProperties) = preSolution
		HideSolutionNode = FALSE
	EndGlobalSection
	GlobalSection(ExtensibilityGlobals) = postSolution
		SolutionGuid = {D450EDC5-6E81-4EA9-8FEC-96E560DD22D3}
	EndGlobalSection
EndGlobal
