
Microsoft Visual Studio Solution File, Format Version 12.00
# Visual Studio Version 16
VisualStudioVersion = 16.0.29519.87
MinimumVisualStudioVersion = 10.0.40219.1
Project("{FAE04EC0-301F-11D3-BF4B-00C04F79EFBC}") = "Gavebod2", "Gavebod2\Gavebod2.csproj", "{D751838C-E1BE-48C6-BBF3-2DD53D5CABE6}"
EndProject
Global
	GlobalSection(SolutionConfigurationPlatforms) = preSolution
		Debug|Any CPU = Debug|Any CPU
		Release|Any CPU = Release|Any CPU
	EndGlobalSection
	GlobalSection(ProjectConfigurationPlatforms) = postSolution
		{D751838C-E1BE-48C6-BBF3-2DD53D5CABE6}.Debug|Any CPU.ActiveCfg = Debug|Any CPU
		{D751838C-E1BE-48C6-BBF3-2DD53D5CABE6}.Debug|Any CPU.Build.0 = Debug|Any CPU
		{D751838C-E1BE-48C6-BBF3-2DD53D5CABE6}.Release|Any CPU.ActiveCfg = Release|Any CPU
		{D751838C-E1BE-48C6-BBF3-2DD53D5CABE6}.Release|Any CPU.Build.0 = Release|Any CPU
	EndGlobalSection
	GlobalSection(SolutionProperties) = preSolution
		HideSolutionNode = FALSE
	EndGlobalSection
	GlobalSection(ExtensibilityGlobals) = postSolution
		SolutionGuid = {405133F3-35C4-4EBF-B48D-2C653FECD51D}
	EndGlobalSection
EndGlobal
